{
  "version": 4,
  "terraform_version": "1.7.1",
  "serial": 26,
  "lineage": "6bb557a8-3053-8e90-c3c3-5252fddf4532",
  "outputs": {},
  "resources": [
    {
      "mode": "managed",
      "type": "linode_instance",
      "name": "morning_monitoring",
      "provider": "provider[\"registry.terraform.io/linode/linode\"]",
      "instances": [
        {
          "schema_version": 0,
          "attributes": {
            "alerts": [
              {
                "cpu": 90,
                "io": 10000,
                "network_in": 10,
                "network_out": 10,
                "transfer_quota": 80
              }
            ],
            "authorized_keys": [
              "ssh-rsa AAAAB3NzaC1yc2EAAAADAQABAAABgQC18xz/jUq65DgBgRuoXjk3gP2odX9udBrYhuNtggOwzkKYt23sNeNb2BpE0ck2Uz8Q+RwIJ9oNUBNhesGyBAwdpBhg/JCXDg6KwxxLP39wlZWePeHOFsTc/q/qGnz/dqYpkZDBKHObRZ3Qr0XPFz/MQuCMUzYXFT0IdFgpOl6KpQP+6SsKQkq0n7/CsiIEh0q4792utEUoaEGrfLM+xKUehBPr048T2v2R9+Fn7YwH0Ka8cSSzjqkkzMzNHkik2etEcubuZRqlW6ijrbS4ML9jBHJer0IWwjMEHRw5k0OjQFRdkoNkkgRzW5NTcWEZcyS5MR7Byvxadtq4yxBMpAAq4LTT4rTVQ8sSah5xUdZiCLPBPxVZvPa+ODGs5iMWWlidB7TD4oVenL9hLswpTlHJLd173P4GizC3DeBNeGHKq8Ta66BhCKgWdjrxHL8VLUptjQjc1wYEosPU29r/d2ix49cOdvH5yyOBb41HsrVf4xTwHAQa8IKnZCDH1TwWQZ0= engineer@debian ssh-rsa AAAAB3NzaC1yc2EAAAADAQABAAABgQDIF87/Qc3LODZdEmD3e5dov54BDdSX/JztbHvuqPVXlfVv7Wmq/Ri5CDYit5vCCgA7y7QyPlu+orGgIUBuC8Dmdt5AxPfQEYaE+GpWxtYFx4E/uF1zqzCGhmsN7/sY8dbPCSHh2TjFvhk/cfYyYgaaxfXO0dk9ZBeFdpRFWA0afPqpmqEeUsZThgRa2hvgZDk750r2MJQGXJi1V5nZOURxyqCJoRJQtZ/O3/SDXH0kq2OGSaB51LM5kjU8tcyRF+UR2ygh0/XzeGe9FK9227dV2dhFz/kUiJl4uhsuRU5iBq8j9QDoo2CxonljYTRbBVEAdq/f//JKTsyYBkoaxUv/ETy+hoFHPeqf85sqt4sVpKS87DbkGUP56FfLJt8wM445riDEoRLSeTAbo9e0TOJlZEP7dYjocleVVACZjnXR6YZQPpgsOgno55HfJXlu9u+cKu+w5n0iVhdDP4XRcfh309QPrxYNo1yTssat0ne0Z/IvsE0q2bT3DkP6hMdULm0= osoba@Torrent_Windows"
            ],
            "authorized_users": null,
            "backup_id": null,
            "backups": [
              {
                "available": false,
                "enabled": false,
                "schedule": [
                  {
                    "day": "",
                    "window": ""
                  }
                ]
              }
            ],
            "backups_enabled": false,
            "boot_config_label": "My Debian 12 Disk Profile",
            "booted": true,
            "config": [
              {
                "comments": "",
                "devices": [
                  {
                    "sda": [
                      {
                        "disk_id": 108714245,
                        "disk_label": "Debian 12 Disk",
                        "volume_id": 0
                      }
                    ],
                    "sdb": [
                      {
                        "disk_id": 108714246,
                        "disk_label": "512 MB Swap Image",
                        "volume_id": 0
                      }
                    ],
                    "sdc": [],
                    "sdd": [],
                    "sde": [],
                    "sdf": [],
                    "sdg": [],
                    "sdh": []
                  }
                ],
                "helpers": [
                  {
                    "devtmpfs_automount": true,
                    "distro": true,
                    "modules_dep": true,
                    "network": true,
                    "updatedb_disabled": true
                  }
                ],
                "interface": [],
                "kernel": "linode/grub2",
                "label": "My Debian 12 Disk Profile",
                "memory_limit": 0,
                "root_device": "/dev/sda",
                "run_level": "default",
                "virt_mode": "paravirt"
              }
            ],
            "disk": [
              {
                "authorized_keys": [],
                "authorized_users": [],
                "filesystem": "ext4",
                "id": 108714245,
                "image": "",
                "label": "Debian 12 Disk",
                "read_only": false,
                "root_pass": "",
                "size": 25088,
                "stackscript_data": {},
                "stackscript_id": 0
              },
              {
                "authorized_keys": [],
                "authorized_users": [],
                "filesystem": "swap",
                "id": 108714246,
                "image": "",
                "label": "512 MB Swap Image",
                "read_only": false,
                "root_pass": "",
                "size": 512,
                "stackscript_data": {},
                "stackscript_id": 0
              }
            ],
            "group": "Morning News",
            "has_user_data": false,
            "host_uuid": "dd8adb37ce565f8eb03c987e62849c52527312c6",
            "id": "54913451",
            "image": "linode/debian12",
            "interface": [],
            "ip_address": "172.233.248.191",
            "ipv4": [
              "172.233.248.191"
            ],
            "ipv6": "2600:3c07::f03c:94ff:fe86:f8c7/128",
            "label": "Monitoring",
            "metadata": [],
            "private_ip": false,
            "private_ip_address": null,
            "region": "fr-par",
            "resize_disk": false,
            "root_pass": "Vp4gZ7SQrkcKGcgaF9a1cb1TJ27l/viN2zmcckqI5byPXE/pq3Lizqm9OCLNwKMPiio/7J00lmVFQuJ48X3kjA==",
            "shared_ipv4": [],
            "specs": [
              {
                "disk": 25600,
                "memory": 1024,
                "transfer": 1000,
                "vcpus": 1
              }
            ],
            "stackscript_data": null,
            "stackscript_id": null,
            "status": "running",
            "swap_size": 512,
            "tags": null,
            "timeouts": null,
            "type": "g6-nanode-1",
            "watchdog_enabled": true
          },
          "sensitive_attributes": [],
          "private": "eyJlMmJmYjczMC1lY2FhLTExZTYtOGY4OC0zNDM2M2JjN2M0YzAiOnsiY3JlYXRlIjo5MDAwMDAwMDAwMDAsImRlbGV0ZSI6NjAwMDAwMDAwMDAwLCJ1cGRhdGUiOjE1MDAwMDAwMDAwMDB9fQ=="
        }
      ]
    },
    {
      "mode": "managed",
      "type": "local_file",
      "name": "file",
      "provider": "provider[\"registry.terraform.io/hashicorp/local\"]",
      "instances": [
        {
          "schema_version": 0,
          "attributes": {
            "content": "\n[Monitoring]\n172.233.248.191\n\n",
            "content_base64": null,
            "content_base64sha256": "jm8bZwJyu/5gg/F5lSYsIc2HxnlywAQdCF+tYl8YhLM=",
            "content_base64sha512": "Vj8gCeIuTuhbdEa3zufyQpIVqkxYbmSq3qIerKZyHtljuJvMU4qo3fJ53oGGEqtsNWVIjaiPGM67RfgySqdQ7Q==",
            "content_md5": "49a6ba3eff234dadc869650fe1c2c923",
            "content_sha1": "bf0cebebce4c9614f700131bf08713f989d1fad3",
            "content_sha256": "8e6f1b670272bbfe6083f17995262c21cd87c67972c0041d085fad625f1884b3",
            "content_sha512": "563f2009e22e4ee85b7446b7cee7f2429215aa4c586e64aadea21eaca6721ed963b89bcc538aa8ddf279de818612ab6c3565488da88f18cebb45f8324aa750ed",
            "directory_permission": "0777",
            "file_permission": "0777",
            "filename": "host",
            "id": "bf0cebebce4c9614f700131bf08713f989d1fad3",
            "sensitive_content": null,
            "source": null
          },
          "sensitive_attributes": [],
          "dependencies": [
            "linode_instance.morning_monitoring"
          ]
        }
      ]
    }
  ],
  "check_results": null
}
